# THIS IS AN AUTOGENERATED FILE. DO NOT EDIT THIS FILE DIRECTLY.
# yarn lockfile v1


flow-bin@0.94.0:
  version "0.94.0"
  resolved "https://registry.yarnpkg.com/flow-bin/-/flow-bin-0.94.0.tgz#b5d58fe7559705b73a18229f97edfc3ab6ffffcb"
  integrity sha512-DYF7r9CJ/AksfmmB4+q+TyLMoeQPRnqtF1Pk7KY3zgfkB/nVuA3nXyzqgsIPIvnMSiFEXQcFK4z+iPxSLckZhQ==
